
Microsoft Visual Studio Solution File, Format Version 12.00
# Visual Studio Version 17
VisualStudioVersion = 17.7.34031.279
MinimumVisualStudioVersion = 10.0.40219.1
Project("{8BC9CEB8-8B4A-11D0-8D11-00A0C91BC942}") = "RK_2", "RK_2\RK_2.vcxproj", "{88C6E043-40FA-44ED-87F2-3B6E01E4B7E6}"
EndProject
Global
	GlobalSection(SolutionConfigurationPlatforms) = preSolution
		Debug|x64 = Debug|x64
		Debug|x86 = Debug|x86
		Release|x64 = Release|x64
		Release|x86 = Release|x86
	EndGlobalSection
	GlobalSection(ProjectConfigurationPlatforms) = postSolution
		{88C6E043-40FA-44ED-87F2-3B6E01E4B7E6}.Debug|x64.ActiveCfg = Debug|x64
		{88C6E043-40FA-44ED-87F2-3B6E01E4B7E6}.Debug|x64.Build.0 = Debug|x64
		{88C6E043-40FA-44ED-87F2-3B6E01E4B7E6}.Debug|x86.ActiveCfg = Debug|Win32
		{88C6E043-40FA-44ED-87F2-3B6E01E4B7E6}.Debug|x86.Build.0 = Debug|Win32
		{88C6E043-40FA-44ED-87F2-3B6E01E4B7E6}.Release|x64.ActiveCfg = Release|x64
		{88C6E043-40FA-44ED-87F2-3B6E01E4B7E6}.Release|x64.Build.0 = Release|x64
		{88C6E043-40FA-44ED-87F2-3B6E01E4B7E6}.Release|x86.ActiveCfg = Release|Win32
		{88C6E043-40FA-44ED-87F2-3B6E01E4B7E6}.Release|x86.Build.0 = Release|Win32
	EndGlobalSection
	GlobalSection(SolutionProperties) = preSolution
		HideSolutionNode = FALSE
	EndGlobalSection
	GlobalSection(ExtensibilityGlobals) = postSolution
		SolutionGuid = {F3461419-E406-433A-9609-878B24CD8245}
	EndGlobalSection
EndGlobal
